
Microsoft Visual Studio Solution File, Format Version 12.00
# Visual Studio Version 16
VisualStudioVersion = 16.0.29920.165
MinimumVisualStudioVersion = 10.0.40219.1
Project("{FAE04EC0-301F-11D3-BF4B-00C04F79EFBC}") = "ReadingListManager", "ReadingListManager.csproj", "{F5B36FC0-09F7-4336-B6BA-5159C6F1B649}"
EndProject
Global
	GlobalSection(SolutionConfigurationPlatforms) = preSolution
		Debug|Any CPU = Debug|Any CPU
		Release|Any CPU = Release|Any CPU
	EndGlobalSection
	GlobalSection(ProjectConfigurationPlatforms) = postSolution
		{F5B36FC0-09F7-4336-B6BA-5159C6F1B649}.Debug|Any CPU.ActiveCfg = Debug|Any CPU
		{F5B36FC0-09F7-4336-B6BA-5159C6F1B649}.Debug|Any CPU.Build.0 = Debug|Any CPU
		{F5B36FC0-09F7-4336-B6BA-5159C6F1B649}.Release|Any CPU.ActiveCfg = Release|Any CPU
		{F5B36FC0-09F7-4336-B6BA-5159C6F1B649}.Release|Any CPU.Build.0 = Release|Any CPU
	EndGlobalSection
	GlobalSection(SolutionProperties) = preSolution
		HideSolutionNode = FALSE
	EndGlobalSection
	GlobalSection(ExtensibilityGlobals) = postSolution
		SolutionGuid = {7796F810-84AA-480A-923A-9D0E25D72F72}
	EndGlobalSection
EndGlobal
