
Microsoft Visual Studio Solution File, Format Version 12.00
# Visual Studio Version 16
VisualStudioVersion = 16.0.29102.190
MinimumVisualStudioVersion = 10.0.40219.1
Project("{FAE04EC0-301F-11D3-BF4B-00C04F79EFBC}") = "Rock_Paper_Scissors", "Rock_Paper_Scissors\Rock_Paper_Scissors.csproj", "{9DF1A0D9-A68D-4B2A-95C1-0425DD1913B0}"
EndProject
Global
	GlobalSection(SolutionConfigurationPlatforms) = preSolution
		Debug|Any CPU = Debug|Any CPU
		Release|Any CPU = Release|Any CPU
	EndGlobalSection
	GlobalSection(ProjectConfigurationPlatforms) = postSolution
		{9DF1A0D9-A68D-4B2A-95C1-0425DD1913B0}.Debug|Any CPU.ActiveCfg = Debug|Any CPU
		{9DF1A0D9-A68D-4B2A-95C1-0425DD1913B0}.Debug|Any CPU.Build.0 = Debug|Any CPU
		{9DF1A0D9-A68D-4B2A-95C1-0425DD1913B0}.Release|Any CPU.ActiveCfg = Release|Any CPU
		{9DF1A0D9-A68D-4B2A-95C1-0425DD1913B0}.Release|Any CPU.Build.0 = Release|Any CPU
	EndGlobalSection
	GlobalSection(SolutionProperties) = preSolution
		HideSolutionNode = FALSE
	EndGlobalSection
	GlobalSection(ExtensibilityGlobals) = postSolution
		SolutionGuid = {9AB459A3-9331-46F3-9992-286AE0B7806A}
	EndGlobalSection
EndGlobal
