
Microsoft Visual Studio Solution File, Format Version 12.00
# Visual Studio Version 16
VisualStudioVersion = 16.0.29920.165
MinimumVisualStudioVersion = 10.0.40219.1
Project("{FAE04EC0-301F-11D3-BF4B-00C04F79EFBC}") = "WebApp1", "WebApp1.csproj", "{95B72871-3923-43D0-817A-C748E67E310B}"
EndProject
Global
	GlobalSection(SolutionConfigurationPlatforms) = preSolution
		Debug|Any CPU = Debug|Any CPU
		Release|Any CPU = Release|Any CPU
	EndGlobalSection
	GlobalSection(ProjectConfigurationPlatforms) = postSolution
		{95B72871-3923-43D0-817A-C748E67E310B}.Debug|Any CPU.ActiveCfg = Debug|Any CPU
		{95B72871-3923-43D0-817A-C748E67E310B}.Debug|Any CPU.Build.0 = Debug|Any CPU
		{95B72871-3923-43D0-817A-C748E67E310B}.Release|Any CPU.ActiveCfg = Release|Any CPU
		{95B72871-3923-43D0-817A-C748E67E310B}.Release|Any CPU.Build.0 = Release|Any CPU
	EndGlobalSection
	GlobalSection(SolutionProperties) = preSolution
		HideSolutionNode = FALSE
	EndGlobalSection
	GlobalSection(ExtensibilityGlobals) = postSolution
		SolutionGuid = {00037AC4-8A11-48E7-B788-6E2FF0989C74}
	EndGlobalSection
EndGlobal
